// !$*UTF8*$!
{
	archiveVersion = 1;
	classes = {
	};
	objectVersion = 46;
	objects = {

/* Begin PBXBuildFile section */
		E19497291EAE5424003F19C8 /* AppDelegate.swift in Sources */ = {isa = PBXBuildFile; fileRef = E19497281EAE5424003F19C8 /* AppDelegate.swift */; };
		E194972E1EAE5424003F19C8 /* Main.storyboard in Resources */ = {isa = PBXBuildFile; fileRef = E194972C1EAE5424003F19C8 /* Main.storyboard */; };
		E19497301EAE5424003F19C8 /* Assets.xcassets in Resources */ = {isa = PBXBuildFile; fileRef = E194972F1EAE5424003F19C8 /* Assets.xcassets */; };
		E19497331EAE5424003F19C8 /* LaunchScreen.storyboard in Resources */ = {isa = PBXBuildFile; fileRef = E19497311EAE5424003F19C8 /* LaunchScreen.storyboard */; };
		E194973E1EAE5425003F19C8 /* WorldTrotterTests.swift in Sources */ = {isa = PBXBuildFile; fileRef = E194973D1EAE5425003F19C8 /* WorldTrotterTests.swift */; };
		E19497491EAE5425003F19C8 /* WorldTrotterUITests.swift in Sources */ = {isa = PBXBuildFile; fileRef = E19497481EAE5425003F19C8 /* WorldTrotterUITests.swift */; };
		E19497571EAE8302003F19C8 /* ConversionViewController.swift in Sources */ = {isa = PBXBuildFile; fileRef = E19497561EAE8302003F19C8 /* ConversionViewController.swift */; };
/* End PBXBuildFile section */

/* Begin PBXContainerItemProxy section */
		E194973A1EAE5425003F19C8 /* PBXContainerItemProxy */ = {
			isa = PBXContainerItemProxy;
			containerPortal = E194971D1EAE5424003F19C8 /* Project object */;
			proxyType = 1;
			remoteGlobalIDString = E19497241EAE5424003F19C8;
			remoteInfo = WorldTrotter;
		};
		E19497451EAE5425003F19C8 /* PBXContainerItemProxy */ = {
			isa = PBXContainerItemProxy;
			containerPortal = E194971D1EAE5424003F19C8 /* Project object */;
			proxyType = 1;
			remoteGlobalIDString = E19497241EAE5424003F19C8;
			remoteInfo = WorldTrotter;
		};
/* End PBXContainerItemProxy section */

/* Begin PBXFileReference section */
		E19497251EAE5424003F19C8 /* WorldTrotter.app */ = {isa = PBXFileReference; explicitFileType = wrapper.application; includeInIndex = 0; path = WorldTrotter.app; sourceTree = BUILT_PRODUCTS_DIR; };
		E19497281EAE5424003F19C8 /* AppDelegate.swift */ = {isa = PBXFileReference; lastKnownFileType = sourcecode.swift; path = AppDelegate.swift; sourceTree = "<group>"; };
		E194972D1EAE5424003F19C8 /* Base */ = {isa = PBXFileReference; lastKnownFileType = file.storyboard; name = Base; path = Base.lproj/Main.storyboard; sourceTree = "<group>"; };
		E194972F1EAE5424003F19C8 /* Assets.xcassets */ = {isa = PBXFileReference; lastKnownFileType = folder.assetcatalog; path = Assets.xcassets; sourceTree = "<group>"; };
		E19497321EAE5424003F19C8 /* Base */ = {isa = PBXFileReference; lastKnownFileType = file.storyboard; name = Base; path = Base.lproj/LaunchScreen.storyboard; sourceTree = "<group>"; };
		E19497341EAE5424003F19C8 /* Info.plist */ = {isa = PBXFileReference; lastKnownFileType = text.plist.xml; path = Info.plist; sourceTree = "<group>"; };
		E19497391EAE5425003F19C8 /* WorldTrotterTests.xctest */ = {isa = PBXFileReference; explicitFileType = wrapper.cfbundle; includeInIndex = 0; path = WorldTrotterTests.xctest; sourceTree = BUILT_PRODUCTS_DIR; };
		E194973D1EAE5425003F19C8 /* WorldTrotterTests.swift */ = {isa = PBXFileReference; lastKnownFileType = sourcecode.swift; path = WorldTrotterTests.swift; sourceTree = "<group>"; };
		E194973F1EAE5425003F19C8 /* Info.plist */ = {isa = PBXFileReference; lastKnownFileType = text.plist.xml; path = Info.plist; sourceTree = "<group>"; };
		E19497441EAE5425003F19C8 /* WorldTrotterUITests.xctest */ = {isa = PBXFileReference; explicitFileType = wrapper.cfbundle; includeInIndex = 0; path = WorldTrotterUITests.xctest; sourceTree = BUILT_PRODUCTS_DIR; };
		E19497481EAE5425003F19C8 /* WorldTrotterUITests.swift */ = {isa = PBXFileReference; lastKnownFileType = sourcecode.swift; path = WorldTrotterUITests.swift; sourceTree = "<group>"; };
		E194974A1EAE5425003F19C8 /* Info.plist */ = {isa = PBXFileReference; lastKnownFileType = text.plist.xml; path = Info.plist; sourceTree = "<group>"; };
		E19497561EAE8302003F19C8 /* ConversionViewController.swift */ = {isa = PBXFileReference; fileEncoding = 4; lastKnownFileType = sourcecode.swift; name = ConversionViewController.swift; path = ../ConversionViewController.swift; sourceTree = "<group>"; };
/* End PBXFileReference section */

/* Begin PBXFrameworksBuildPhase section */
		E19497221EAE5424003F19C8 /* Frameworks */ = {
			isa = PBXFrameworksBuildPhase;
			buildActionMask = 2147483647;
			files = (
			);
			runOnlyForDeploymentPostprocessing = 0;
		};
		E19497361EAE5425003F19C8 /* Frameworks */ = {
			isa = PBXFrameworksBuildPhase;
			buildActionMask = 2147483647;
			files = (
			);
			runOnlyForDeploymentPostprocessing = 0;
		};
		E19497411EAE5425003F19C8 /* Frameworks */ = {
			isa = PBXFrameworksBuildPhase;
			buildActionMask = 2147483647;
			files = (
			);
			runOnlyForDeploymentPostprocessing = 0;
		};
/* End PBXFrameworksBuildPhase section */

/* Begin PBXGroup section */
		E194971C1EAE5424003F19C8 = {
			isa = PBXGroup;
			children = (
				E19497271EAE5424003F19C8 /* WorldTrotter */,
				E194973C1EAE5425003F19C8 /* WorldTrotterTests */,
				E19497471EAE5425003F19C8 /* WorldTrotterUITests */,
				E19497261EAE5424003F19C8 /* Products */,
			);
			sourceTree = "<group>";
		};
		E19497261EAE5424003F19C8 /* Products */ = {
			isa = PBXGroup;
			children = (
				E19497251EAE5424003F19C8 /* WorldTrotter.app */,
				E19497391EAE5425003F19C8 /* WorldTrotterTests.xctest */,
				E19497441EAE5425003F19C8 /* WorldTrotterUITests.xctest */,
			);
			name = Products;
			sourceTree = "<group>";
		};
		E19497271EAE5424003F19C8 /* WorldTrotter */ = {
			isa = PBXGroup;
			children = (
				E19497281EAE5424003F19C8 /* AppDelegate.swift */,
				E19497561EAE8302003F19C8 /* ConversionViewController.swift */,
				E194972C1EAE5424003F19C8 /* Main.storyboard */,
				E194972F1EAE5424003F19C8 /* Assets.xcassets */,
				E19497311EAE5424003F19C8 /* LaunchScreen.storyboard */,
				E19497341EAE5424003F19C8 /* Info.plist */,
			);
			path = WorldTrotter;
			sourceTree = "<group>";
		};
		E194973C1EAE5425003F19C8 /* WorldTrotterTests */ = {
			isa = PBXGroup;
			children = (
				E194973D1EAE5425003F19C8 /* WorldTrotterTests.swift */,
				E194973F1EAE5425003F19C8 /* Info.plist */,
			);
			path = WorldTrotterTests;
			sourceTree = "<group>";
		};
		E19497471EAE5425003F19C8 /* WorldTrotterUITests */ = {
			isa = PBXGroup;
			children = (
				E19497481EAE5425003F19C8 /* WorldTrotterUITests.swift */,
				E194974A1EAE5425003F19C8 /* Info.plist */,
			);
			path = WorldTrotterUITests;
			sourceTree = "<group>";
		};
/* End PBXGroup section */

/* Begin PBXNativeTarget section */
		E19497241EAE5424003F19C8 /* WorldTrotter */ = {
			isa = PBXNativeTarget;
			buildConfigurationList = E194974D1EAE5425003F19C8 /* Build configuration list for PBXNativeTarget "WorldTrotter" */;
			buildPhases = (
				E19497211EAE5424003F19C8 /* Sources */,
				E19497221EAE5424003F19C8 /* Frameworks */,
				E19497231EAE5424003F19C8 /* Resources */,
			);
			buildRules = (
			);
			dependencies = (
			);
			name = WorldTrotter;
			productName = WorldTrotter;
			productReference = E19497251EAE5424003F19C8 /* WorldTrotter.app */;
			productType = "com.apple.product-type.application";
		};
		E19497381EAE5425003F19C8 /* WorldTrotterTests */ = {
			isa = PBXNativeTarget;
			buildConfigurationList = E19497501EAE5425003F19C8 /* Build configuration list for PBXNativeTarget "WorldTrotterTests" */;
			buildPhases = (
				E19497351EAE5425003F19C8 /* Sources */,
				E19497361EAE5425003F19C8 /* Frameworks */,
				E19497371EAE5425003F19C8 /* Resources */,
			);
			buildRules = (
			);
			dependencies = (
				E194973B1EAE5425003F19C8 /* PBXTargetDependency */,
			);
			name = WorldTrotterTests;
			productName = WorldTrotterTests;
			productReference = E19497391EAE5425003F19C8 /* WorldTrotterTests.xctest */;
			productType = "com.apple.product-type.bundle.unit-test";
		};
		E19497431EAE5425003F19C8 /* WorldTrotterUITests */ = {
			isa = PBXNativeTarget;
			buildConfigurationList = E19497531EAE5425003F19C8 /* Build configuration list for PBXNativeTarget "WorldTrotterUITests" */;
			buildPhases = (
				E19497401EAE5425003F19C8 /* Sources */,
				E19497411EAE5425003F19C8 /* Frameworks */,
				E19497421EAE5425003F19C8 /* Resources */,
			);
			buildRules = (
			);
			dependencies = (
				E19497461EAE5425003F19C8 /* PBXTargetDependency */,
			);
			name = WorldTrotterUITests;
			productName = WorldTrotterUITests;
			productReference = E19497441EAE5425003F19C8 /* WorldTrotterUITests.xctest */;
			productType = "com.apple.product-type.bundle.ui-testing";
		};
/* End PBXNativeTarget section */

/* Begin PBXProject section */
		E194971D1EAE5424003F19C8 /* Project object */ = {
			isa = PBXProject;
			attributes = {
				LastSwiftUpdateCheck = 0820;
				LastUpgradeCheck = 0820;
				ORGANIZATIONNAME = "Amy Roberson";
				TargetAttributes = {
					E19497241EAE5424003F19C8 = {
						CreatedOnToolsVersion = 8.2.1;
						DevelopmentTeam = N75G8FC36Y;
						ProvisioningStyle = Automatic;
					};
					E19497381EAE5425003F19C8 = {
						CreatedOnToolsVersion = 8.2.1;
						DevelopmentTeam = N75G8FC36Y;
						ProvisioningStyle = Automatic;
						TestTargetID = E19497241EAE5424003F19C8;
					};
					E19497431EAE5425003F19C8 = {
						CreatedOnToolsVersion = 8.2.1;
						DevelopmentTeam = N75G8FC36Y;
						ProvisioningStyle = Automatic;
						TestTargetID = E19497241EAE5424003F19C8;
					};
				};
			};
			buildConfigurationList = E19497201EAE5424003F19C8 /* Build configuration list for PBXProject "WorldTrotter" */;
			compatibilityVersion = "Xcode 3.2";
			developmentRegion = English;
			hasScannedForEncodings = 0;
			knownRegions = (
				en,
				Base,
			);
			mainGroup = E194971C1EAE5424003F19C8;
			productRefGroup = E19497261EAE5424003F19C8 /* Products */;
			projectDirPath = "";
			projectRoot = "";
			targets = (
				E19497241EAE5424003F19C8 /* WorldTrotter */,
				E19497381EAE5425003F19C8 /* WorldTrotterTests */,
				E19497431EAE5425003F19C8 /* WorldTrotterUITests */,
			);
		};
/* End PBXProject section */

/* Begin PBXResourcesBuildPhase section */
		E19497231EAE5424003F19C8 /* Resources */ = {
			isa = PBXResourcesBuildPhase;
			buildActionMask = 2147483647;
			files = (
				E19497331EAE5424003F19C8 /* LaunchScreen.storyboard in Resources */,
				E19497301EAE5424003F19C8 /* Assets.xcassets in Resources */,
				E194972E1EAE5424003F19C8 /* Main.storyboard in Resources */,
			);
			runOnlyForDeploymentPostprocessing = 0;
		};
		E19497371EAE5425003F19C8 /* Resources */ = {
			isa = PBXResourcesBuildPhase;
			buildActionMask = 2147483647;
			files = (
			);
			runOnlyForDeploymentPostprocessing = 0;
		};
		E19497421EAE5425003F19C8 /* Resources */ = {
			isa = PBXResourcesBuildPhase;
			buildActionMask = 2147483647;
			files = (
			);
			runOnlyForDeploymentPostprocessing = 0;
		};
/* End PBXResourcesBuildPhase section */

/* Begin PBXSourcesBuildPhase section */
		E19497211EAE5424003F19C8 /* Sources */ = {
			isa = PBXSourcesBuildPhase;
			buildActionMask = 2147483647;
			files = (
				E19497571EAE8302003F19C8 /* ConversionViewController.swift in Sources */,
				E19497291EAE5424003F19C8 /* AppDelegate.swift in Sources */,
			);
			runOnlyForDeploymentPostprocessing = 0;
		};
		E19497351EAE5425003F19C8 /* Sources */ = {
			isa = PBXSourcesBuildPhase;
			buildActionMask = 2147483647;
			files = (
				E194973E1EAE5425003F19C8 /* WorldTrotterTests.swift in Sources */,
			);
			runOnlyForDeploymentPostprocessing = 0;
		};
		E19497401EAE5425003F19C8 /* Sources */ = {
			isa = PBXSourcesBuildPhase;
			buildActionMask = 2147483647;
			files = (
				E19497491EAE5425003F19C8 /* WorldTrotterUITests.swift in Sources */,
			);
			runOnlyForDeploymentPostprocessing = 0;
		};
/* End PBXSourcesBuildPhase section */

/* Begin PBXTargetDependency section */
		E194973B1EAE5425003F19C8 /* PBXTargetDependency */ = {
			isa = PBXTargetDependency;
			target = E19497241EAE5424003F19C8 /* WorldTrotter */;
			targetProxy = E194973A1EAE5425003F19C8 /* PBXContainerItemProxy */;
		};
		E19497461EAE5425003F19C8 /* PBXTargetDependency */ = {
			isa = PBXTargetDependency;
			target = E19497241EAE5424003F19C8 /* WorldTrotter */;
			targetProxy = E19497451EAE5425003F19C8 /* PBXContainerItemProxy */;
		};
/* End PBXTargetDependency section */

/* Begin PBXVariantGroup section */
		E194972C1EAE5424003F19C8 /* Main.storyboard */ = {
			isa = PBXVariantGroup;
			children = (
				E194972D1EAE5424003F19C8 /* Base */,
			);
			name = Main.storyboard;
			sourceTree = "<group>";
		};
		E19497311EAE5424003F19C8 /* LaunchScreen.storyboard */ = {
			isa = PBXVariantGroup;
			children = (
				E19497321EAE5424003F19C8 /* Base */,
			);
			name = LaunchScreen.storyboard;
			sourceTree = "<group>";
		};
/* End PBXVariantGroup section */

/* Begin XCBuildConfiguration section */
		E194974B1EAE5425003F19C8 /* Debug */ = {
			isa = XCBuildConfiguration;
			buildSettings = {
				ALWAYS_SEARCH_USER_PATHS = NO;
				CLANG_ANALYZER_NONNULL = YES;
				CLANG_CXX_LANGUAGE_STANDARD = "gnu++0x";
				CLANG_CXX_LIBRARY = "libc++";
				CLANG_ENABLE_MODULES = YES;
				CLANG_ENABLE_OBJC_ARC = YES;
				CLANG_WARN_BOOL_CONVERSION = YES;
				CLANG_WARN_CONSTANT_CONVERSION = YES;
				CLANG_WARN_DIRECT_OBJC_ISA_USAGE = YES_ERROR;
				CLANG_WARN_DOCUMENTATION_COMMENTS = YES;
				CLANG_WARN_EMPTY_BODY = YES;
				CLANG_WARN_ENUM_CONVERSION = YES;
				CLANG_WARN_INFINITE_RECURSION = YES;
				CLANG_WARN_INT_CONVERSION = YES;
				CLANG_WARN_OBJC_ROOT_CLASS = YES_ERROR;
				CLANG_WARN_SUSPICIOUS_MOVE = YES;
				CLANG_WARN_UNREACHABLE_CODE = YES;
				CLANG_WARN__DUPLICATE_METHOD_MATCH = YES;
				"CODE_SIGN_IDENTITY[sdk=iphoneos*]" = "iPhone Developer";
				COPY_PHASE_STRIP = NO;
				DEBUG_INFORMATION_FORMAT = dwarf;
				ENABLE_STRICT_OBJC_MSGSEND = YES;
				ENABLE_TESTABILITY = YES;
				GCC_C_LANGUAGE_STANDARD = gnu99;
				GCC_DYNAMIC_NO_PIC = NO;
				GCC_NO_COMMON_BLOCKS = YES;
				GCC_OPTIMIZATION_LEVEL = 0;
				GCC_PREPROCESSOR_DEFINITIONS = (
					"DEBUG=1",
					"$(inherited)",
				);
				GCC_WARN_64_TO_32_BIT_CONVERSION = YES;
				GCC_WARN_ABOUT_RETURN_TYPE = YES_ERROR;
				GCC_WARN_UNDECLARED_SELECTOR = YES;
				GCC_WARN_UNINITIALIZED_AUTOS = YES_AGGRESSIVE;
				GCC_WARN_UNUSED_FUNCTION = YES;
				GCC_WARN_UNUSED_VARIABLE = YES;
				IPHONEOS_DEPLOYMENT_TARGET = 10.2;
				MTL_ENABLE_DEBUG_INFO = YES;
				ONLY_ACTIVE_ARCH = YES;
				SDKROOT = iphoneos;
				SWIFT_ACTIVE_COMPILATION_CONDITIONS = DEBUG;
				SWIFT_OPTIMIZATION_LEVEL = "-Onone";
				TARGETED_DEVICE_FAMILY = "1,2";
			};
			name = Debug;
		};
		E194974C1EAE5425003F19C8 /* Release */ = {
			isa = XCBuildConfiguration;
			buildSettings = {
				ALWAYS_SEARCH_USER_PATHS = NO;
				CLANG_ANALYZER_NONNULL = YES;
				CLANG_CXX_LANGUAGE_STANDARD = "gnu++0x";
				CLANG_CXX_LIBRARY = "libc++";
				CLANG_ENABLE_MODULES = YES;
				CLANG_ENABLE_OBJC_ARC = YES;
				CLANG_WARN_BOOL_CONVERSION = YES;
				CLANG_WARN_CONSTANT_CONVERSION = YES;
				CLANG_WARN_DIRECT_OBJC_ISA_USAGE = YES_ERROR;
				CLANG_WARN_DOCUMENTATION_COMMENTS = YES;
				CLANG_WARN_EMPTY_BODY = YES;
				CLANG_WARN_ENUM_CONVERSION = YES;
				CLANG_WARN_INFINITE_RECURSION = YES;
				CLANG_WARN_INT_CONVERSION = YES;
				CLANG_WARN_OBJC_ROOT_CLASS = YES_ERROR;
				CLANG_WARN_SUSPICIOUS_MOVE = YES;
				CLANG_WARN_UNREACHABLE_CODE = YES;
				CLANG_WARN__DUPLICATE_METHOD_MATCH = YES;
				"CODE_SIGN_IDENTITY[sdk=iphoneos*]" = "iPhone Developer";
				COPY_PHASE_STRIP = NO;
				DEBUG_INFORMATION_FORMAT = "dwarf-with-dsym";
				ENABLE_NS_ASSERTIONS = NO;
				ENABLE_STRICT_OBJC_MSGSEND = YES;
				GCC_C_LANGUAGE_STANDARD = gnu99;
				GCC_NO_COMMON_BLOCKS = YES;
				GCC_WARN_64_TO_32_BIT_CONVERSION = YES;
				GCC_WARN_ABOUT_RETURN_TYPE = YES_ERROR;
				GCC_WARN_UNDECLARED_SELECTOR = YES;
				GCC_WARN_UNINITIALIZED_AUTOS = YES_AGGRESSIVE;
				GCC_WARN_UNUSED_FUNCTION = YES;
				GCC_WARN_UNUSED_VARIABLE = YES;
				IPHONEOS_DEPLOYMENT_TARGET = 10.2;
				MTL_ENABLE_DEBUG_INFO = NO;
				SDKROOT = iphoneos;
				SWIFT_OPTIMIZATION_LEVEL = "-Owholemodule";
				TARGETED_DEVICE_FAMILY = "1,2";
				VALIDATE_PRODUCT = YES;
			};
			name = Release;
		};
		E194974E1EAE5425003F19C8 /* Debug */ = {
			isa = XCBuildConfiguration;
			buildSettings = {
				ASSETCATALOG_COMPILER_APPICON_NAME = AppIcon;
				DEVELOPMENT_TEAM = N75G8FC36Y;
				INFOPLIST_FILE = WorldTrotter/Info.plist;
				LD_RUNPATH_SEARCH_PATHS = "$(inherited) @executable_path/Frameworks";
				PRODUCT_BUNDLE_IDENTIFIER = xyz.roberson.amy.WorldTrotter;
				PRODUCT_NAME = "$(TARGET_NAME)";
				SWIFT_VERSION = 3.0;
			};
			name = Debug;
		};
		E194974F1EAE5425003F19C8 /* Release */ = {
			isa = XCBuildConfiguration;
			buildSettings = {
				ASSETCATALOG_COMPILER_APPICON_NAME = AppIcon;
				DEVELOPMENT_TEAM = N75G8FC36Y;
				INFOPLIST_FILE = WorldTrotter/Info.plist;
				LD_RUNPATH_SEARCH_PATHS = "$(inherited) @executable_path/Frameworks";
				PRODUCT_BUNDLE_IDENTIFIER = xyz.roberson.amy.WorldTrotter;
				PRODUCT_NAME = "$(TARGET_NAME)";
				SWIFT_VERSION = 3.0;
			};
			name = Release;
		};
		E19497511EAE5425003F19C8 /* Debug */ = {
			isa = XCBuildConfiguration;
			buildSettings = {
				ALWAYS_EMBED_SWIFT_STANDARD_LIBRARIES = YES;
				BUNDLE_LOADER = "$(TEST_HOST)";
				DEVELOPMENT_TEAM = N75G8FC36Y;
				INFOPLIST_FILE = WorldTrotterTests/Info.plist;
				LD_RUNPATH_SEARCH_PATHS = "$(inherited) @executable_path/Frameworks @loader_path/Frameworks";
				PRODUCT_BUNDLE_IDENTIFIER = xyz.roberson.amy.WorldTrotterTests;
				PRODUCT_NAME = "$(TARGET_NAME)";
				SWIFT_VERSION = 3.0;
				TEST_HOST = "$(BUILT_PRODUCTS_DIR)/WorldTrotter.app/WorldTrotter";
			};
			name = Debug;
		};
		E19497521EAE5425003F19C8 /* Release */ = {
			isa = XCBuildConfiguration;
			buildSettings = {
				ALWAYS_EMBED_SWIFT_STANDARD_LIBRARIES = YES;
				BUNDLE_LOADER = "$(TEST_HOST)";
				DEVELOPMENT_TEAM = N75G8FC36Y;
				INFOPLIST_FILE = WorldTrotterTests/Info.plist;
				LD_RUNPATH_SEARCH_PATHS = "$(inherited) @executable_path/Frameworks @loader_path/Frameworks";
				PRODUCT_BUNDLE_IDENTIFIER = xyz.roberson.amy.WorldTrotterTests;
				PRODUCT_NAME = "$(TARGET_NAME)";
				SWIFT_VERSION = 3.0;
				TEST_HOST = "$(BUILT_PRODUCTS_DIR)/WorldTrotter.app/WorldTrotter";
			};
			name = Release;
		};
		E19497541EAE5425003F19C8 /* Debug */ = {
			isa = XCBuildConfiguration;
			buildSettings = {
				ALWAYS_EMBED_SWIFT_STANDARD_LIBRARIES = YES;
				DEVELOPMENT_TEAM = N75G8FC36Y;
				INFOPLIST_FILE = WorldTrotterUITests/Info.plist;
				LD_RUNPATH_SEARCH_PATHS = "$(inherited) @executable_path/Frameworks @loader_path/Frameworks";
				PRODUCT_BUNDLE_IDENTIFIER = xyz.roberson.amy.WorldTrotterUITests;
				PRODUCT_NAME = "$(TARGET_NAME)";
				SWIFT_VERSION = 3.0;
				TEST_TARGET_NAME = WorldTrotter;
			};
			name = Debug;
		};
		E19497551EAE5425003F19C8 /* Release */ = {
			isa = XCBuildConfiguration;
			buildSettings = {
				ALWAYS_EMBED_SWIFT_STANDARD_LIBRARIES = YES;
				DEVELOPMENT_TEAM = N75G8FC36Y;
				INFOPLIST_FILE = WorldTrotterUITests/Info.plist;
				LD_RUNPATH_SEARCH_PATHS = "$(inherited) @executable_path/Frameworks @loader_path/Frameworks";
				PRODUCT_BUNDLE_IDENTIFIER = xyz.roberson.amy.WorldTrotterUITests;
				PRODUCT_NAME = "$(TARGET_NAME)";
				SWIFT_VERSION = 3.0;
				TEST_TARGET_NAME = WorldTrotter;
			};
			name = Release;
		};
/* End XCBuildConfiguration section */

/* Begin XCConfigurationList section */
		E19497201EAE5424003F19C8 /* Build configuration list for PBXProject "WorldTrotter" */ = {
			isa = XCConfigurationList;
			buildConfigurations = (
				E194974B1EAE5425003F19C8 /* Debug */,
				E194974C1EAE5425003F19C8 /* Release */,
			);
			defaultConfigurationIsVisible = 0;
			defaultConfigurationName = Release;
		};
		E194974D1EAE5425003F19C8 /* Build configuration list for PBXNativeTarget "WorldTrotter" */ = {
			isa = XCConfigurationList;
			buildConfigurations = (
				E194974E1EAE5425003F19C8 /* Debug */,
				E194974F1EAE5425003F19C8 /* Release */,
			);
			defaultConfigurationIsVisible = 0;
		};
		E19497501EAE5425003F19C8 /* Build configuration list for PBXNativeTarget "WorldTrotterTests" */ = {
			isa = XCConfigurationList;
			buildConfigurations = (
				E19497511EAE5425003F19C8 /* Debug */,
				E19497521EAE5425003F19C8 /* Release */,
			);
			defaultConfigurationIsVisible = 0;
		};
		E19497531EAE5425003F19C8 /* Build configuration list for PBXNativeTarget "WorldTrotterUITests" */ = {
			isa = XCConfigurationList;
			buildConfigurations = (
				E19497541EAE5425003F19C8 /* Debug */,
				E19497551EAE5425003F19C8 /* Release */,
			);
			defaultConfigurationIsVisible = 0;
		};
/* End XCConfigurationList section */
	};
	rootObject = E194971D1EAE5424003F19C8 /* Project object */;
}
