// !$*UTF8*$!
{
	archiveVersion = 1;
	classes = {
	};
	objectVersion = 46;
	objects = {

/* Begin PBXBuildFile section */
		E19496EF1EAD76CD003F19C8 /* AppDelegate.swift in Sources */ = {isa = PBXBuildFile; fileRef = E19496EE1EAD76CD003F19C8 /* AppDelegate.swift */; };
		E19496F11EAD76CD003F19C8 /* ViewController.swift in Sources */ = {isa = PBXBuildFile; fileRef = E19496F01EAD76CD003F19C8 /* ViewController.swift */; };
		E19496F41EAD76CD003F19C8 /* Main.storyboard in Resources */ = {isa = PBXBuildFile; fileRef = E19496F21EAD76CD003F19C8 /* Main.storyboard */; };
		E19496F61EAD76CD003F19C8 /* Assets.xcassets in Resources */ = {isa = PBXBuildFile; fileRef = E19496F51EAD76CD003F19C8 /* Assets.xcassets */; };
		E19496F91EAD76CD003F19C8 /* LaunchScreen.storyboard in Resources */ = {isa = PBXBuildFile; fileRef = E19496F71EAD76CD003F19C8 /* LaunchScreen.storyboard */; };
		E19497041EAD76CD003F19C8 /* QuizTests.swift in Sources */ = {isa = PBXBuildFile; fileRef = E19497031EAD76CD003F19C8 /* QuizTests.swift */; };
		E194970F1EAD76CD003F19C8 /* QuizUITests.swift in Sources */ = {isa = PBXBuildFile; fileRef = E194970E1EAD76CD003F19C8 /* QuizUITests.swift */; };
/* End PBXBuildFile section */

/* Begin PBXContainerItemProxy section */
		E19497001EAD76CD003F19C8 /* PBXContainerItemProxy */ = {
			isa = PBXContainerItemProxy;
			containerPortal = E19496E31EAD76CD003F19C8 /* Project object */;
			proxyType = 1;
			remoteGlobalIDString = E19496EA1EAD76CD003F19C8;
			remoteInfo = Quiz;
		};
		E194970B1EAD76CD003F19C8 /* PBXContainerItemProxy */ = {
			isa = PBXContainerItemProxy;
			containerPortal = E19496E31EAD76CD003F19C8 /* Project object */;
			proxyType = 1;
			remoteGlobalIDString = E19496EA1EAD76CD003F19C8;
			remoteInfo = Quiz;
		};
/* End PBXContainerItemProxy section */

/* Begin PBXFileReference section */
		E19496EB1EAD76CD003F19C8 /* Quiz.app */ = {isa = PBXFileReference; explicitFileType = wrapper.application; includeInIndex = 0; path = Quiz.app; sourceTree = BUILT_PRODUCTS_DIR; };
		E19496EE1EAD76CD003F19C8 /* AppDelegate.swift */ = {isa = PBXFileReference; lastKnownFileType = sourcecode.swift; path = AppDelegate.swift; sourceTree = "<group>"; };
		E19496F01EAD76CD003F19C8 /* ViewController.swift */ = {isa = PBXFileReference; lastKnownFileType = sourcecode.swift; path = ViewController.swift; sourceTree = "<group>"; };
		E19496F31EAD76CD003F19C8 /* Base */ = {isa = PBXFileReference; lastKnownFileType = file.storyboard; name = Base; path = Base.lproj/Main.storyboard; sourceTree = "<group>"; };
		E19496F51EAD76CD003F19C8 /* Assets.xcassets */ = {isa = PBXFileReference; lastKnownFileType = folder.assetcatalog; path = Assets.xcassets; sourceTree = "<group>"; };
		E19496F81EAD76CD003F19C8 /* Base */ = {isa = PBXFileReference; lastKnownFileType = file.storyboard; name = Base; path = Base.lproj/LaunchScreen.storyboard; sourceTree = "<group>"; };
		E19496FA1EAD76CD003F19C8 /* Info.plist */ = {isa = PBXFileReference; lastKnownFileType = text.plist.xml; path = Info.plist; sourceTree = "<group>"; };
		E19496FF1EAD76CD003F19C8 /* QuizTests.xctest */ = {isa = PBXFileReference; explicitFileType = wrapper.cfbundle; includeInIndex = 0; path = QuizTests.xctest; sourceTree = BUILT_PRODUCTS_DIR; };
		E19497031EAD76CD003F19C8 /* QuizTests.swift */ = {isa = PBXFileReference; lastKnownFileType = sourcecode.swift; path = QuizTests.swift; sourceTree = "<group>"; };
		E19497051EAD76CD003F19C8 /* Info.plist */ = {isa = PBXFileReference; lastKnownFileType = text.plist.xml; path = Info.plist; sourceTree = "<group>"; };
		E194970A1EAD76CD003F19C8 /* QuizUITests.xctest */ = {isa = PBXFileReference; explicitFileType = wrapper.cfbundle; includeInIndex = 0; path = QuizUITests.xctest; sourceTree = BUILT_PRODUCTS_DIR; };
		E194970E1EAD76CD003F19C8 /* QuizUITests.swift */ = {isa = PBXFileReference; lastKnownFileType = sourcecode.swift; path = QuizUITests.swift; sourceTree = "<group>"; };
		E19497101EAD76CD003F19C8 /* Info.plist */ = {isa = PBXFileReference; lastKnownFileType = text.plist.xml; path = Info.plist; sourceTree = "<group>"; };
/* End PBXFileReference section */

/* Begin PBXFrameworksBuildPhase section */
		E19496E81EAD76CD003F19C8 /* Frameworks */ = {
			isa = PBXFrameworksBuildPhase;
			buildActionMask = 2147483647;
			files = (
			);
			runOnlyForDeploymentPostprocessing = 0;
		};
		E19496FC1EAD76CD003F19C8 /* Frameworks */ = {
			isa = PBXFrameworksBuildPhase;
			buildActionMask = 2147483647;
			files = (
			);
			runOnlyForDeploymentPostprocessing = 0;
		};
		E19497071EAD76CD003F19C8 /* Frameworks */ = {
			isa = PBXFrameworksBuildPhase;
			buildActionMask = 2147483647;
			files = (
			);
			runOnlyForDeploymentPostprocessing = 0;
		};
/* End PBXFrameworksBuildPhase section */

/* Begin PBXGroup section */
		E19496E21EAD76CD003F19C8 = {
			isa = PBXGroup;
			children = (
				E19496ED1EAD76CD003F19C8 /* Quiz */,
				E19497021EAD76CD003F19C8 /* QuizTests */,
				E194970D1EAD76CD003F19C8 /* QuizUITests */,
				E19496EC1EAD76CD003F19C8 /* Products */,
			);
			sourceTree = "<group>";
		};
		E19496EC1EAD76CD003F19C8 /* Products */ = {
			isa = PBXGroup;
			children = (
				E19496EB1EAD76CD003F19C8 /* Quiz.app */,
				E19496FF1EAD76CD003F19C8 /* QuizTests.xctest */,
				E194970A1EAD76CD003F19C8 /* QuizUITests.xctest */,
			);
			name = Products;
			sourceTree = "<group>";
		};
		E19496ED1EAD76CD003F19C8 /* Quiz */ = {
			isa = PBXGroup;
			children = (
				E19496EE1EAD76CD003F19C8 /* AppDelegate.swift */,
				E19496F01EAD76CD003F19C8 /* ViewController.swift */,
				E19496F21EAD76CD003F19C8 /* Main.storyboard */,
				E19496F51EAD76CD003F19C8 /* Assets.xcassets */,
				E19496F71EAD76CD003F19C8 /* LaunchScreen.storyboard */,
				E19496FA1EAD76CD003F19C8 /* Info.plist */,
			);
			path = Quiz;
			sourceTree = "<group>";
		};
		E19497021EAD76CD003F19C8 /* QuizTests */ = {
			isa = PBXGroup;
			children = (
				E19497031EAD76CD003F19C8 /* QuizTests.swift */,
				E19497051EAD76CD003F19C8 /* Info.plist */,
			);
			path = QuizTests;
			sourceTree = "<group>";
		};
		E194970D1EAD76CD003F19C8 /* QuizUITests */ = {
			isa = PBXGroup;
			children = (
				E194970E1EAD76CD003F19C8 /* QuizUITests.swift */,
				E19497101EAD76CD003F19C8 /* Info.plist */,
			);
			path = QuizUITests;
			sourceTree = "<group>";
		};
/* End PBXGroup section */

/* Begin PBXNativeTarget section */
		E19496EA1EAD76CD003F19C8 /* Quiz */ = {
			isa = PBXNativeTarget;
			buildConfigurationList = E19497131EAD76CD003F19C8 /* Build configuration list for PBXNativeTarget "Quiz" */;
			buildPhases = (
				E19496E71EAD76CD003F19C8 /* Sources */,
				E19496E81EAD76CD003F19C8 /* Frameworks */,
				E19496E91EAD76CD003F19C8 /* Resources */,
			);
			buildRules = (
			);
			dependencies = (
			);
			name = Quiz;
			productName = Quiz;
			productReference = E19496EB1EAD76CD003F19C8 /* Quiz.app */;
			productType = "com.apple.product-type.application";
		};
		E19496FE1EAD76CD003F19C8 /* QuizTests */ = {
			isa = PBXNativeTarget;
			buildConfigurationList = E19497161EAD76CD003F19C8 /* Build configuration list for PBXNativeTarget "QuizTests" */;
			buildPhases = (
				E19496FB1EAD76CD003F19C8 /* Sources */,
				E19496FC1EAD76CD003F19C8 /* Frameworks */,
				E19496FD1EAD76CD003F19C8 /* Resources */,
			);
			buildRules = (
			);
			dependencies = (
				E19497011EAD76CD003F19C8 /* PBXTargetDependency */,
			);
			name = QuizTests;
			productName = QuizTests;
			productReference = E19496FF1EAD76CD003F19C8 /* QuizTests.xctest */;
			productType = "com.apple.product-type.bundle.unit-test";
		};
		E19497091EAD76CD003F19C8 /* QuizUITests */ = {
			isa = PBXNativeTarget;
			buildConfigurationList = E19497191EAD76CD003F19C8 /* Build configuration list for PBXNativeTarget "QuizUITests" */;
			buildPhases = (
				E19497061EAD76CD003F19C8 /* Sources */,
				E19497071EAD76CD003F19C8 /* Frameworks */,
				E19497081EAD76CD003F19C8 /* Resources */,
			);
			buildRules = (
			);
			dependencies = (
				E194970C1EAD76CD003F19C8 /* PBXTargetDependency */,
			);
			name = QuizUITests;
			productName = QuizUITests;
			productReference = E194970A1EAD76CD003F19C8 /* QuizUITests.xctest */;
			productType = "com.apple.product-type.bundle.ui-testing";
		};
/* End PBXNativeTarget section */

/* Begin PBXProject section */
		E19496E31EAD76CD003F19C8 /* Project object */ = {
			isa = PBXProject;
			attributes = {
				LastSwiftUpdateCheck = 0820;
				LastUpgradeCheck = 0820;
				ORGANIZATIONNAME = "Amy Roberson";
				TargetAttributes = {
					E19496EA1EAD76CD003F19C8 = {
						CreatedOnToolsVersion = 8.2.1;
						DevelopmentTeam = N75G8FC36Y;
						ProvisioningStyle = Automatic;
					};
					E19496FE1EAD76CD003F19C8 = {
						CreatedOnToolsVersion = 8.2.1;
						DevelopmentTeam = N75G8FC36Y;
						ProvisioningStyle = Automatic;
						TestTargetID = E19496EA1EAD76CD003F19C8;
					};
					E19497091EAD76CD003F19C8 = {
						CreatedOnToolsVersion = 8.2.1;
						DevelopmentTeam = N75G8FC36Y;
						ProvisioningStyle = Automatic;
						TestTargetID = E19496EA1EAD76CD003F19C8;
					};
				};
			};
			buildConfigurationList = E19496E61EAD76CD003F19C8 /* Build configuration list for PBXProject "Quiz" */;
			compatibilityVersion = "Xcode 3.2";
			developmentRegion = English;
			hasScannedForEncodings = 0;
			knownRegions = (
				en,
				Base,
			);
			mainGroup = E19496E21EAD76CD003F19C8;
			productRefGroup = E19496EC1EAD76CD003F19C8 /* Products */;
			projectDirPath = "";
			projectRoot = "";
			targets = (
				E19496EA1EAD76CD003F19C8 /* Quiz */,
				E19496FE1EAD76CD003F19C8 /* QuizTests */,
				E19497091EAD76CD003F19C8 /* QuizUITests */,
			);
		};
/* End PBXProject section */

/* Begin PBXResourcesBuildPhase section */
		E19496E91EAD76CD003F19C8 /* Resources */ = {
			isa = PBXResourcesBuildPhase;
			buildActionMask = 2147483647;
			files = (
				E19496F91EAD76CD003F19C8 /* LaunchScreen.storyboard in Resources */,
				E19496F61EAD76CD003F19C8 /* Assets.xcassets in Resources */,
				E19496F41EAD76CD003F19C8 /* Main.storyboard in Resources */,
			);
			runOnlyForDeploymentPostprocessing = 0;
		};
		E19496FD1EAD76CD003F19C8 /* Resources */ = {
			isa = PBXResourcesBuildPhase;
			buildActionMask = 2147483647;
			files = (
			);
			runOnlyForDeploymentPostprocessing = 0;
		};
		E19497081EAD76CD003F19C8 /* Resources */ = {
			isa = PBXResourcesBuildPhase;
			buildActionMask = 2147483647;
			files = (
			);
			runOnlyForDeploymentPostprocessing = 0;
		};
/* End PBXResourcesBuildPhase section */

/* Begin PBXSourcesBuildPhase section */
		E19496E71EAD76CD003F19C8 /* Sources */ = {
			isa = PBXSourcesBuildPhase;
			buildActionMask = 2147483647;
			files = (
				E19496F11EAD76CD003F19C8 /* ViewController.swift in Sources */,
				E19496EF1EAD76CD003F19C8 /* AppDelegate.swift in Sources */,
			);
			runOnlyForDeploymentPostprocessing = 0;
		};
		E19496FB1EAD76CD003F19C8 /* Sources */ = {
			isa = PBXSourcesBuildPhase;
			buildActionMask = 2147483647;
			files = (
				E19497041EAD76CD003F19C8 /* QuizTests.swift in Sources */,
			);
			runOnlyForDeploymentPostprocessing = 0;
		};
		E19497061EAD76CD003F19C8 /* Sources */ = {
			isa = PBXSourcesBuildPhase;
			buildActionMask = 2147483647;
			files = (
				E194970F1EAD76CD003F19C8 /* QuizUITests.swift in Sources */,
			);
			runOnlyForDeploymentPostprocessing = 0;
		};
/* End PBXSourcesBuildPhase section */

/* Begin PBXTargetDependency section */
		E19497011EAD76CD003F19C8 /* PBXTargetDependency */ = {
			isa = PBXTargetDependency;
			target = E19496EA1EAD76CD003F19C8 /* Quiz */;
			targetProxy = E19497001EAD76CD003F19C8 /* PBXContainerItemProxy */;
		};
		E194970C1EAD76CD003F19C8 /* PBXTargetDependency */ = {
			isa = PBXTargetDependency;
			target = E19496EA1EAD76CD003F19C8 /* Quiz */;
			targetProxy = E194970B1EAD76CD003F19C8 /* PBXContainerItemProxy */;
		};
/* End PBXTargetDependency section */

/* Begin PBXVariantGroup section */
		E19496F21EAD76CD003F19C8 /* Main.storyboard */ = {
			isa = PBXVariantGroup;
			children = (
				E19496F31EAD76CD003F19C8 /* Base */,
			);
			name = Main.storyboard;
			sourceTree = "<group>";
		};
		E19496F71EAD76CD003F19C8 /* LaunchScreen.storyboard */ = {
			isa = PBXVariantGroup;
			children = (
				E19496F81EAD76CD003F19C8 /* Base */,
			);
			name = LaunchScreen.storyboard;
			sourceTree = "<group>";
		};
/* End PBXVariantGroup section */

/* Begin XCBuildConfiguration section */
		E19497111EAD76CD003F19C8 /* Debug */ = {
			isa = XCBuildConfiguration;
			buildSettings = {
				ALWAYS_SEARCH_USER_PATHS = NO;
				CLANG_ANALYZER_NONNULL = YES;
				CLANG_CXX_LANGUAGE_STANDARD = "gnu++0x";
				CLANG_CXX_LIBRARY = "libc++";
				CLANG_ENABLE_MODULES = YES;
				CLANG_ENABLE_OBJC_ARC = YES;
				CLANG_WARN_BOOL_CONVERSION = YES;
				CLANG_WARN_CONSTANT_CONVERSION = YES;
				CLANG_WARN_DIRECT_OBJC_ISA_USAGE = YES_ERROR;
				CLANG_WARN_DOCUMENTATION_COMMENTS = YES;
				CLANG_WARN_EMPTY_BODY = YES;
				CLANG_WARN_ENUM_CONVERSION = YES;
				CLANG_WARN_INFINITE_RECURSION = YES;
				CLANG_WARN_INT_CONVERSION = YES;
				CLANG_WARN_OBJC_ROOT_CLASS = YES_ERROR;
				CLANG_WARN_SUSPICIOUS_MOVE = YES;
				CLANG_WARN_UNREACHABLE_CODE = YES;
				CLANG_WARN__DUPLICATE_METHOD_MATCH = YES;
				"CODE_SIGN_IDENTITY[sdk=iphoneos*]" = "iPhone Developer";
				COPY_PHASE_STRIP = NO;
				DEBUG_INFORMATION_FORMAT = dwarf;
				ENABLE_STRICT_OBJC_MSGSEND = YES;
				ENABLE_TESTABILITY = YES;
				GCC_C_LANGUAGE_STANDARD = gnu99;
				GCC_DYNAMIC_NO_PIC = NO;
				GCC_NO_COMMON_BLOCKS = YES;
				GCC_OPTIMIZATION_LEVEL = 0;
				GCC_PREPROCESSOR_DEFINITIONS = (
					"DEBUG=1",
					"$(inherited)",
				);
				GCC_WARN_64_TO_32_BIT_CONVERSION = YES;
				GCC_WARN_ABOUT_RETURN_TYPE = YES_ERROR;
				GCC_WARN_UNDECLARED_SELECTOR = YES;
				GCC_WARN_UNINITIALIZED_AUTOS = YES_AGGRESSIVE;
				GCC_WARN_UNUSED_FUNCTION = YES;
				GCC_WARN_UNUSED_VARIABLE = YES;
				IPHONEOS_DEPLOYMENT_TARGET = 10.2;
				MTL_ENABLE_DEBUG_INFO = YES;
				ONLY_ACTIVE_ARCH = YES;
				SDKROOT = iphoneos;
				SWIFT_ACTIVE_COMPILATION_CONDITIONS = DEBUG;
				SWIFT_OPTIMIZATION_LEVEL = "-Onone";
			};
			name = Debug;
		};
		E19497121EAD76CD003F19C8 /* Release */ = {
			isa = XCBuildConfiguration;
			buildSettings = {
				ALWAYS_SEARCH_USER_PATHS = NO;
				CLANG_ANALYZER_NONNULL = YES;
				CLANG_CXX_LANGUAGE_STANDARD = "gnu++0x";
				CLANG_CXX_LIBRARY = "libc++";
				CLANG_ENABLE_MODULES = YES;
				CLANG_ENABLE_OBJC_ARC = YES;
				CLANG_WARN_BOOL_CONVERSION = YES;
				CLANG_WARN_CONSTANT_CONVERSION = YES;
				CLANG_WARN_DIRECT_OBJC_ISA_USAGE = YES_ERROR;
				CLANG_WARN_DOCUMENTATION_COMMENTS = YES;
				CLANG_WARN_EMPTY_BODY = YES;
				CLANG_WARN_ENUM_CONVERSION = YES;
				CLANG_WARN_INFINITE_RECURSION = YES;
				CLANG_WARN_INT_CONVERSION = YES;
				CLANG_WARN_OBJC_ROOT_CLASS = YES_ERROR;
				CLANG_WARN_SUSPICIOUS_MOVE = YES;
				CLANG_WARN_UNREACHABLE_CODE = YES;
				CLANG_WARN__DUPLICATE_METHOD_MATCH = YES;
				"CODE_SIGN_IDENTITY[sdk=iphoneos*]" = "iPhone Developer";
				COPY_PHASE_STRIP = NO;
				DEBUG_INFORMATION_FORMAT = "dwarf-with-dsym";
				ENABLE_NS_ASSERTIONS = NO;
				ENABLE_STRICT_OBJC_MSGSEND = YES;
				GCC_C_LANGUAGE_STANDARD = gnu99;
				GCC_NO_COMMON_BLOCKS = YES;
				GCC_WARN_64_TO_32_BIT_CONVERSION = YES;
				GCC_WARN_ABOUT_RETURN_TYPE = YES_ERROR;
				GCC_WARN_UNDECLARED_SELECTOR = YES;
				GCC_WARN_UNINITIALIZED_AUTOS = YES_AGGRESSIVE;
				GCC_WARN_UNUSED_FUNCTION = YES;
				GCC_WARN_UNUSED_VARIABLE = YES;
				IPHONEOS_DEPLOYMENT_TARGET = 10.2;
				MTL_ENABLE_DEBUG_INFO = NO;
				SDKROOT = iphoneos;
				SWIFT_OPTIMIZATION_LEVEL = "-Owholemodule";
				VALIDATE_PRODUCT = YES;
			};
			name = Release;
		};
		E19497141EAD76CD003F19C8 /* Debug */ = {
			isa = XCBuildConfiguration;
			buildSettings = {
				ASSETCATALOG_COMPILER_APPICON_NAME = AppIcon;
				DEVELOPMENT_TEAM = N75G8FC36Y;
				INFOPLIST_FILE = Quiz/Info.plist;
				LD_RUNPATH_SEARCH_PATHS = "$(inherited) @executable_path/Frameworks";
				PRODUCT_BUNDLE_IDENTIFIER = xyz.roberson.amy.Quiz;
				PRODUCT_NAME = "$(TARGET_NAME)";
				SWIFT_VERSION = 3.0;
			};
			name = Debug;
		};
		E19497151EAD76CD003F19C8 /* Release */ = {
			isa = XCBuildConfiguration;
			buildSettings = {
				ASSETCATALOG_COMPILER_APPICON_NAME = AppIcon;
				DEVELOPMENT_TEAM = N75G8FC36Y;
				INFOPLIST_FILE = Quiz/Info.plist;
				LD_RUNPATH_SEARCH_PATHS = "$(inherited) @executable_path/Frameworks";
				PRODUCT_BUNDLE_IDENTIFIER = xyz.roberson.amy.Quiz;
				PRODUCT_NAME = "$(TARGET_NAME)";
				SWIFT_VERSION = 3.0;
			};
			name = Release;
		};
		E19497171EAD76CD003F19C8 /* Debug */ = {
			isa = XCBuildConfiguration;
			buildSettings = {
				ALWAYS_EMBED_SWIFT_STANDARD_LIBRARIES = YES;
				BUNDLE_LOADER = "$(TEST_HOST)";
				DEVELOPMENT_TEAM = N75G8FC36Y;
				INFOPLIST_FILE = QuizTests/Info.plist;
				LD_RUNPATH_SEARCH_PATHS = "$(inherited) @executable_path/Frameworks @loader_path/Frameworks";
				PRODUCT_BUNDLE_IDENTIFIER = xyz.roberson.amy.QuizTests;
				PRODUCT_NAME = "$(TARGET_NAME)";
				SWIFT_VERSION = 3.0;
				TEST_HOST = "$(BUILT_PRODUCTS_DIR)/Quiz.app/Quiz";
			};
			name = Debug;
		};
		E19497181EAD76CD003F19C8 /* Release */ = {
			isa = XCBuildConfiguration;
			buildSettings = {
				ALWAYS_EMBED_SWIFT_STANDARD_LIBRARIES = YES;
				BUNDLE_LOADER = "$(TEST_HOST)";
				DEVELOPMENT_TEAM = N75G8FC36Y;
				INFOPLIST_FILE = QuizTests/Info.plist;
				LD_RUNPATH_SEARCH_PATHS = "$(inherited) @executable_path/Frameworks @loader_path/Frameworks";
				PRODUCT_BUNDLE_IDENTIFIER = xyz.roberson.amy.QuizTests;
				PRODUCT_NAME = "$(TARGET_NAME)";
				SWIFT_VERSION = 3.0;
				TEST_HOST = "$(BUILT_PRODUCTS_DIR)/Quiz.app/Quiz";
			};
			name = Release;
		};
		E194971A1EAD76CD003F19C8 /* Debug */ = {
			isa = XCBuildConfiguration;
			buildSettings = {
				ALWAYS_EMBED_SWIFT_STANDARD_LIBRARIES = YES;
				DEVELOPMENT_TEAM = N75G8FC36Y;
				INFOPLIST_FILE = QuizUITests/Info.plist;
				LD_RUNPATH_SEARCH_PATHS = "$(inherited) @executable_path/Frameworks @loader_path/Frameworks";
				PRODUCT_BUNDLE_IDENTIFIER = xyz.roberson.amy.QuizUITests;
				PRODUCT_NAME = "$(TARGET_NAME)";
				SWIFT_VERSION = 3.0;
				TEST_TARGET_NAME = Quiz;
			};
			name = Debug;
		};
		E194971B1EAD76CD003F19C8 /* Release */ = {
			isa = XCBuildConfiguration;
			buildSettings = {
				ALWAYS_EMBED_SWIFT_STANDARD_LIBRARIES = YES;
				DEVELOPMENT_TEAM = N75G8FC36Y;
				INFOPLIST_FILE = QuizUITests/Info.plist;
				LD_RUNPATH_SEARCH_PATHS = "$(inherited) @executable_path/Frameworks @loader_path/Frameworks";
				PRODUCT_BUNDLE_IDENTIFIER = xyz.roberson.amy.QuizUITests;
				PRODUCT_NAME = "$(TARGET_NAME)";
				SWIFT_VERSION = 3.0;
				TEST_TARGET_NAME = Quiz;
			};
			name = Release;
		};
/* End XCBuildConfiguration section */

/* Begin XCConfigurationList section */
		E19496E61EAD76CD003F19C8 /* Build configuration list for PBXProject "Quiz" */ = {
			isa = XCConfigurationList;
			buildConfigurations = (
				E19497111EAD76CD003F19C8 /* Debug */,
				E19497121EAD76CD003F19C8 /* Release */,
			);
			defaultConfigurationIsVisible = 0;
			defaultConfigurationName = Release;
		};
		E19497131EAD76CD003F19C8 /* Build configuration list for PBXNativeTarget "Quiz" */ = {
			isa = XCConfigurationList;
			buildConfigurations = (
				E19497141EAD76CD003F19C8 /* Debug */,
				E19497151EAD76CD003F19C8 /* Release */,
			);
			defaultConfigurationIsVisible = 0;
		};
		E19497161EAD76CD003F19C8 /* Build configuration list for PBXNativeTarget "QuizTests" */ = {
			isa = XCConfigurationList;
			buildConfigurations = (
				E19497171EAD76CD003F19C8 /* Debug */,
				E19497181EAD76CD003F19C8 /* Release */,
			);
			defaultConfigurationIsVisible = 0;
		};
		E19497191EAD76CD003F19C8 /* Build configuration list for PBXNativeTarget "QuizUITests" */ = {
			isa = XCConfigurationList;
			buildConfigurations = (
				E194971A1EAD76CD003F19C8 /* Debug */,
				E194971B1EAD76CD003F19C8 /* Release */,
			);
			defaultConfigurationIsVisible = 0;
		};
/* End XCConfigurationList section */
	};
	rootObject = E19496E31EAD76CD003F19C8 /* Project object */;
}
